
Microsoft Visual Studio Solution File, Format Version 12.00
# Visual Studio 15
VisualStudioVersion = 15.0.26403.0
MinimumVisualStudioVersion = 10.0.40219.1
Project("{FAE04EC0-301F-11D3-BF4B-00C04F79EFBC}") = "NorthwindTraders", "NorthwindTraders\NorthwindTraders.csproj", "{5EE72F3D-9D81-4C30-A520-9C6185E09063}"
EndProject
Project("{FAE04EC0-301F-11D3-BF4B-00C04F79EFBC}") = "NorthwindTraders.Data", "NorthwindTraders.Data\NorthwindTraders.Data.csproj", "{BF6DC0C6-C1F4-488B-8ABC-641C05656A68}"
EndProject
Global
	GlobalSection(SolutionConfigurationPlatforms) = preSolution
		Debug|Any CPU = Debug|Any CPU
		Release|Any CPU = Release|Any CPU
	EndGlobalSection
	GlobalSection(ProjectConfigurationPlatforms) = postSolution
		{5EE72F3D-9D81-4C30-A520-9C6185E09063}.Debug|Any CPU.ActiveCfg = Debug|Any CPU
		{5EE72F3D-9D81-4C30-A520-9C6185E09063}.Debug|Any CPU.Build.0 = Debug|Any CPU
		{5EE72F3D-9D81-4C30-A520-9C6185E09063}.Release|Any CPU.ActiveCfg = Release|Any CPU
		{5EE72F3D-9D81-4C30-A520-9C6185E09063}.Release|Any CPU.Build.0 = Release|Any CPU
		{BF6DC0C6-C1F4-488B-8ABC-641C05656A68}.Debug|Any CPU.ActiveCfg = Debug|Any CPU
		{BF6DC0C6-C1F4-488B-8ABC-641C05656A68}.Debug|Any CPU.Build.0 = Debug|Any CPU
		{BF6DC0C6-C1F4-488B-8ABC-641C05656A68}.Release|Any CPU.ActiveCfg = Release|Any CPU
		{BF6DC0C6-C1F4-488B-8ABC-641C05656A68}.Release|Any CPU.Build.0 = Release|Any CPU
	EndGlobalSection
	GlobalSection(SolutionProperties) = preSolution
		HideSolutionNode = FALSE
	EndGlobalSection
EndGlobal
