
Microsoft Visual Studio Solution File, Format Version 12.00
# Visual Studio Version 16
VisualStudioVersion = 16.0.28714.193
MinimumVisualStudioVersion = 10.0.40219.1
Project("{2150E333-8FDC-42A3-9474-1A3956D46DE8}") = "Core", "Core", "{0FEB6ADF-29FD-48CE-AE0F-9E19E9209795}"
EndProject
Project("{2150E333-8FDC-42A3-9474-1A3956D46DE8}") = "Src", "Src", "{4B785E7E-2F35-4198-BD73-D2B861E5518A}"
EndProject
Project("{2150E333-8FDC-42A3-9474-1A3956D46DE8}") = "Infrastructure", "Infrastructure", "{1EC1EEFF-3888-4125-9229-623C564F3E7E}"
EndProject
Project("{2150E333-8FDC-42A3-9474-1A3956D46DE8}") = "Presentation", "Presentation", "{833DEA57-A970-418C-831C-2355B8294766}"
EndProject
Project("{2150E333-8FDC-42A3-9474-1A3956D46DE8}") = "Tests", "Tests", "{9FEDAEFB-297C-4201-8FAA-F502F94CAFED}"
EndProject
Project("{2150E333-8FDC-42A3-9474-1A3956D46DE8}") = "Common", "Common", "{C1158497-4B38-48DD-B698-57B7A0D50249}"
EndProject
Project("{9A19103F-16F7-4668-BE54-9A1E7A4F7556}") = "Northwind.Common", "Northwind.Common\Northwind.Common.csproj", "{3C7E8164-A2CE-471A-9C15-E1A74E4BE9D9}"
EndProject
Project("{9A19103F-16F7-4668-BE54-9A1E7A4F7556}") = "Northwind.Domain", "Northwind.Domain\Northwind.Domain.csproj", "{0A18018C-95CA-43CB-BFBF-5DB086E93009}"
EndProject
Project("{9A19103F-16F7-4668-BE54-9A1E7A4F7556}") = "Northwind.Application", "Northwind.Application\Northwind.Application.csproj", "{5FB1A4D7-D13E-47C3-9152-3890B8CA9C37}"
EndProject
Project("{9A19103F-16F7-4668-BE54-9A1E7A4F7556}") = "Northwind.Application.Tests", "Northwind.Application.Tests\Northwind.Application.Tests.csproj", "{C379031A-C615-4F06-BBAB-B27196335FB4}"
EndProject
Project("{2150E333-8FDC-42A3-9474-1A3956D46DE8}") = "Docs", "Docs", "{36DA64CD-41D5-48FD-8AFE-EBBF8EFD57ED}"
	ProjectSection(SolutionItems) = preProject
		ReadMe.md = ReadMe.md
		Slides.pdf = Slides.pdf
	EndProjectSection
EndProject
Project("{9A19103F-16F7-4668-BE54-9A1E7A4F7556}") = "Northwind.Infrastructure", "Northwind.Infrastructure\Northwind.Infrastructure.csproj", "{1C11E54E-54DB-47A2-9D10-03AFDA347F22}"
EndProject
Project("{9A19103F-16F7-4668-BE54-9A1E7A4F7556}") = "Northwind.Domain.Tests", "Northwind.Domain.Tests\Northwind.Domain.Tests.csproj", "{73C1627E-BB1D-4159-A418-3F4F5BA7820C}"
EndProject
Project("{9A19103F-16F7-4668-BE54-9A1E7A4F7556}") = "Northwind.Persistence", "Northwind.Persistence\Northwind.Persistence.csproj", "{34BB0A51-74B9-46B6-BEAA-94A914F552EE}"
EndProject
Project("{9A19103F-16F7-4668-BE54-9A1E7A4F7556}") = "Northwind.WebUI", "Northwind.WebUI\Northwind.WebUI.csproj", "{B3A105C1-F3E0-4290-A330-D0D3F29D2B26}"
EndProject
Project("{FAE04EC0-301F-11D3-BF4B-00C04F79EFBC}") = "Northwind.WebUI.FunctionalTests", "Northwind.WebUI.FunctionalTests\Northwind.WebUI.FunctionalTests.csproj", "{A5A16118-2C05-4433-8C39-384AB81E07CA}"
EndProject
Global
	GlobalSection(SolutionConfigurationPlatforms) = preSolution
		Debug|Any CPU = Debug|Any CPU
		Release|Any CPU = Release|Any CPU
	EndGlobalSection
	GlobalSection(ProjectConfigurationPlatforms) = postSolution
		{3C7E8164-A2CE-471A-9C15-E1A74E4BE9D9}.Debug|Any CPU.ActiveCfg = Debug|Any CPU
		{3C7E8164-A2CE-471A-9C15-E1A74E4BE9D9}.Debug|Any CPU.Build.0 = Debug|Any CPU
		{3C7E8164-A2CE-471A-9C15-E1A74E4BE9D9}.Release|Any CPU.ActiveCfg = Release|Any CPU
		{3C7E8164-A2CE-471A-9C15-E1A74E4BE9D9}.Release|Any CPU.Build.0 = Release|Any CPU
		{0A18018C-95CA-43CB-BFBF-5DB086E93009}.Debug|Any CPU.ActiveCfg = Debug|Any CPU
		{0A18018C-95CA-43CB-BFBF-5DB086E93009}.Debug|Any CPU.Build.0 = Debug|Any CPU
		{0A18018C-95CA-43CB-BFBF-5DB086E93009}.Release|Any CPU.ActiveCfg = Release|Any CPU
		{0A18018C-95CA-43CB-BFBF-5DB086E93009}.Release|Any CPU.Build.0 = Release|Any CPU
		{5FB1A4D7-D13E-47C3-9152-3890B8CA9C37}.Debug|Any CPU.ActiveCfg = Debug|Any CPU
		{5FB1A4D7-D13E-47C3-9152-3890B8CA9C37}.Debug|Any CPU.Build.0 = Debug|Any CPU
		{5FB1A4D7-D13E-47C3-9152-3890B8CA9C37}.Release|Any CPU.ActiveCfg = Release|Any CPU
		{5FB1A4D7-D13E-47C3-9152-3890B8CA9C37}.Release|Any CPU.Build.0 = Release|Any CPU
		{C379031A-C615-4F06-BBAB-B27196335FB4}.Debug|Any CPU.ActiveCfg = Debug|Any CPU
		{C379031A-C615-4F06-BBAB-B27196335FB4}.Debug|Any CPU.Build.0 = Debug|Any CPU
		{C379031A-C615-4F06-BBAB-B27196335FB4}.Release|Any CPU.ActiveCfg = Release|Any CPU
		{C379031A-C615-4F06-BBAB-B27196335FB4}.Release|Any CPU.Build.0 = Release|Any CPU
		{1C11E54E-54DB-47A2-9D10-03AFDA347F22}.Debug|Any CPU.ActiveCfg = Debug|Any CPU
		{1C11E54E-54DB-47A2-9D10-03AFDA347F22}.Debug|Any CPU.Build.0 = Debug|Any CPU
		{1C11E54E-54DB-47A2-9D10-03AFDA347F22}.Release|Any CPU.ActiveCfg = Release|Any CPU
		{1C11E54E-54DB-47A2-9D10-03AFDA347F22}.Release|Any CPU.Build.0 = Release|Any CPU
		{73C1627E-BB1D-4159-A418-3F4F5BA7820C}.Debug|Any CPU.ActiveCfg = Debug|Any CPU
		{73C1627E-BB1D-4159-A418-3F4F5BA7820C}.Debug|Any CPU.Build.0 = Debug|Any CPU
		{73C1627E-BB1D-4159-A418-3F4F5BA7820C}.Release|Any CPU.ActiveCfg = Release|Any CPU
		{73C1627E-BB1D-4159-A418-3F4F5BA7820C}.Release|Any CPU.Build.0 = Release|Any CPU
		{34BB0A51-74B9-46B6-BEAA-94A914F552EE}.Debug|Any CPU.ActiveCfg = Debug|Any CPU
		{34BB0A51-74B9-46B6-BEAA-94A914F552EE}.Debug|Any CPU.Build.0 = Debug|Any CPU
		{34BB0A51-74B9-46B6-BEAA-94A914F552EE}.Release|Any CPU.ActiveCfg = Release|Any CPU
		{34BB0A51-74B9-46B6-BEAA-94A914F552EE}.Release|Any CPU.Build.0 = Release|Any CPU
		{B3A105C1-F3E0-4290-A330-D0D3F29D2B26}.Debug|Any CPU.ActiveCfg = Debug|Any CPU
		{B3A105C1-F3E0-4290-A330-D0D3F29D2B26}.Debug|Any CPU.Build.0 = Debug|Any CPU
		{B3A105C1-F3E0-4290-A330-D0D3F29D2B26}.Release|Any CPU.ActiveCfg = Release|Any CPU
		{B3A105C1-F3E0-4290-A330-D0D3F29D2B26}.Release|Any CPU.Build.0 = Release|Any CPU
		{A5A16118-2C05-4433-8C39-384AB81E07CA}.Debug|Any CPU.ActiveCfg = Debug|Any CPU
		{A5A16118-2C05-4433-8C39-384AB81E07CA}.Debug|Any CPU.Build.0 = Debug|Any CPU
		{A5A16118-2C05-4433-8C39-384AB81E07CA}.Release|Any CPU.ActiveCfg = Release|Any CPU
		{A5A16118-2C05-4433-8C39-384AB81E07CA}.Release|Any CPU.Build.0 = Release|Any CPU
	EndGlobalSection
	GlobalSection(SolutionProperties) = preSolution
		HideSolutionNode = FALSE
	EndGlobalSection
	GlobalSection(NestedProjects) = preSolution
		{0FEB6ADF-29FD-48CE-AE0F-9E19E9209795} = {4B785E7E-2F35-4198-BD73-D2B861E5518A}
		{1EC1EEFF-3888-4125-9229-623C564F3E7E} = {4B785E7E-2F35-4198-BD73-D2B861E5518A}
		{833DEA57-A970-418C-831C-2355B8294766} = {4B785E7E-2F35-4198-BD73-D2B861E5518A}
		{C1158497-4B38-48DD-B698-57B7A0D50249} = {4B785E7E-2F35-4198-BD73-D2B861E5518A}
		{3C7E8164-A2CE-471A-9C15-E1A74E4BE9D9} = {C1158497-4B38-48DD-B698-57B7A0D50249}
		{0A18018C-95CA-43CB-BFBF-5DB086E93009} = {0FEB6ADF-29FD-48CE-AE0F-9E19E9209795}
		{5FB1A4D7-D13E-47C3-9152-3890B8CA9C37} = {0FEB6ADF-29FD-48CE-AE0F-9E19E9209795}
		{C379031A-C615-4F06-BBAB-B27196335FB4} = {9FEDAEFB-297C-4201-8FAA-F502F94CAFED}
		{1C11E54E-54DB-47A2-9D10-03AFDA347F22} = {1EC1EEFF-3888-4125-9229-623C564F3E7E}
		{73C1627E-BB1D-4159-A418-3F4F5BA7820C} = {9FEDAEFB-297C-4201-8FAA-F502F94CAFED}
		{34BB0A51-74B9-46B6-BEAA-94A914F552EE} = {1EC1EEFF-3888-4125-9229-623C564F3E7E}
		{B3A105C1-F3E0-4290-A330-D0D3F29D2B26} = {833DEA57-A970-418C-831C-2355B8294766}
		{A5A16118-2C05-4433-8C39-384AB81E07CA} = {9FEDAEFB-297C-4201-8FAA-F502F94CAFED}
	EndGlobalSection
	GlobalSection(ExtensibilityGlobals) = postSolution
		SolutionGuid = {0D5D0CA3-C6B8-436C-82B0-39820C8A13FA}
	EndGlobalSection
EndGlobal
